PODS:
  - DRRevealViewController (0.0.1)
  - Expecta (0.3.1)
  - Expecta+Snapshots (1.3.1):
    - Expecta
    - FBSnapshotTestCase
  - FBSnapshotTestCase (1.5)
  - Fingertips (0.3.0)
  - Specta (0.3.0.beta1)

DEPENDENCIES:
  - DRRevealViewController (from `../`)
  - Expecta
  - Expecta+Snapshots
  - FBSnapshotTestCase
  - Fingertips
  - Specta (from `https://github.com/specta/specta.git`, tag `v0.3.0.beta1`)

EXTERNAL SOURCES:
  DRRevealViewController:
    :path: ../
  Specta:
    :git: https://github.com/specta/specta.git
    :tag: v0.3.0.beta1

CHECKOUT OPTIONS:
  Specta:
    :git: https://github.com/specta/specta.git
    :tag: v0.3.0.beta1

SPEC CHECKSUMS:
  DRRevealViewController: 0b9095e7c8a4adbc6d39737b114f6df1013e79b1
  Expecta: 03aabd0a89d8dea843baecb19a7fd7466a69a31d
  Expecta+Snapshots: 4a56b9411c6ed156987072e52c39de67d864015a
  FBSnapshotTestCase: e2914fbaabccea1dcc773d6a16b1c24540642488
  Fingertips: 09d223a390349b317a51d4c941d778bdb661c4e1
  Specta: 63e8ac8e07db6675c7096d37f77a266a1be4c02d

COCOAPODS: 0.35.0
